
Microsoft Visual Studio Solution File, Format Version 12.00
# Visual Studio 15
VisualStudioVersion = 15.0.28307.705
MinimumVisualStudioVersion = 10.0.40219.1
Project("{FAE04EC0-301F-11D3-BF4B-00C04F79EFBC}") = "ShyftEmployee.Android", "ShyftEmployee\ShyftEmployee.Android\ShyftEmployee.Android.csproj", "{8568560D-3F49-4F73-A3D8-30D80117EFD5}"
EndProject
Project("{FAE04EC0-301F-11D3-BF4B-00C04F79EFBC}") = "ShyftEmployee.iOS", "ShyftEmployee\ShyftEmployee.iOS\ShyftEmployee.iOS.csproj", "{3E1CEE32-D812-4779-90C8-089F3985AB55}"
EndProject
Project("{FAE04EC0-301F-11D3-BF4B-00C04F79EFBC}") = "ShyftEmployee", "ShyftEmployee\ShyftEmployee\ShyftEmployee.csproj", "{C37BC74D-81AF-4EC4-ADBB-2CAB6C7DB709}"
EndProject
Global
	GlobalSection(SolutionConfigurationPlatforms) = preSolution
		Ad-Hoc|Any CPU = Ad-Hoc|Any CPU
		Ad-Hoc|iPhone = Ad-Hoc|iPhone
		Ad-Hoc|iPhoneSimulator = Ad-Hoc|iPhoneSimulator
		AppStore|Any CPU = AppStore|Any CPU
		AppStore|iPhone = AppStore|iPhone
		AppStore|iPhoneSimulator = AppStore|iPhoneSimulator
		Debug|Any CPU = Debug|Any CPU
		Debug|iPhone = Debug|iPhone
		Debug|iPhoneSimulator = Debug|iPhoneSimulator
		Release|Any CPU = Release|Any CPU
		Release|iPhone = Release|iPhone
		Release|iPhoneSimulator = Release|iPhoneSimulator
	EndGlobalSection
	GlobalSection(ProjectConfigurationPlatforms) = postSolution
		{8568560D-3F49-4F73-A3D8-30D80117EFD5}.Ad-Hoc|Any CPU.ActiveCfg = Release|Any CPU
		{8568560D-3F49-4F73-A3D8-30D80117EFD5}.Ad-Hoc|Any CPU.Build.0 = Release|Any CPU
		{8568560D-3F49-4F73-A3D8-30D80117EFD5}.Ad-Hoc|Any CPU.Deploy.0 = Release|Any CPU
		{8568560D-3F49-4F73-A3D8-30D80117EFD5}.Ad-Hoc|iPhone.ActiveCfg = Release|Any CPU
		{8568560D-3F49-4F73-A3D8-30D80117EFD5}.Ad-Hoc|iPhone.Build.0 = Release|Any CPU
		{8568560D-3F49-4F73-A3D8-30D80117EFD5}.Ad-Hoc|iPhone.Deploy.0 = Release|Any CPU
		{8568560D-3F49-4F73-A3D8-30D80117EFD5}.Ad-Hoc|iPhoneSimulator.ActiveCfg = Release|Any CPU
		{8568560D-3F49-4F73-A3D8-30D80117EFD5}.Ad-Hoc|iPhoneSimulator.Build.0 = Release|Any CPU
		{8568560D-3F49-4F73-A3D8-30D80117EFD5}.Ad-Hoc|iPhoneSimulator.Deploy.0 = Release|Any CPU
		{8568560D-3F49-4F73-A3D8-30D80117EFD5}.AppStore|Any CPU.ActiveCfg = Release|Any CPU
		{8568560D-3F49-4F73-A3D8-30D80117EFD5}.AppStore|Any CPU.Build.0 = Release|Any CPU
		{8568560D-3F49-4F73-A3D8-30D80117EFD5}.AppStore|Any CPU.Deploy.0 = Release|Any CPU
		{8568560D-3F49-4F73-A3D8-30D80117EFD5}.AppStore|iPhone.ActiveCfg = Release|Any CPU
		{8568560D-3F49-4F73-A3D8-30D80117EFD5}.AppStore|iPhone.Build.0 = Release|Any CPU
		{8568560D-3F49-4F73-A3D8-30D80117EFD5}.AppStore|iPhone.Deploy.0 = Release|Any CPU
		{8568560D-3F49-4F73-A3D8-30D80117EFD5}.AppStore|iPhoneSimulator.ActiveCfg = Release|Any CPU
		{8568560D-3F49-4F73-A3D8-30D80117EFD5}.AppStore|iPhoneSimulator.Build.0 = Release|Any CPU
		{8568560D-3F49-4F73-A3D8-30D80117EFD5}.AppStore|iPhoneSimulator.Deploy.0 = Release|Any CPU
		{8568560D-3F49-4F73-A3D8-30D80117EFD5}.Debug|Any CPU.ActiveCfg = Debug|Any CPU
		{8568560D-3F49-4F73-A3D8-30D80117EFD5}.Debug|Any CPU.Build.0 = Debug|Any CPU
		{8568560D-3F49-4F73-A3D8-30D80117EFD5}.Debug|Any CPU.Deploy.0 = Debug|Any CPU
		{8568560D-3F49-4F73-A3D8-30D80117EFD5}.Debug|iPhone.ActiveCfg = Debug|Any CPU
		{8568560D-3F49-4F73-A3D8-30D80117EFD5}.Debug|iPhone.Build.0 = Debug|Any CPU
		{8568560D-3F49-4F73-A3D8-30D80117EFD5}.Debug|iPhone.Deploy.0 = Debug|Any CPU
		{8568560D-3F49-4F73-A3D8-30D80117EFD5}.Debug|iPhoneSimulator.ActiveCfg = Debug|Any CPU
		{8568560D-3F49-4F73-A3D8-30D80117EFD5}.Debug|iPhoneSimulator.Build.0 = Debug|Any CPU
		{8568560D-3F49-4F73-A3D8-30D80117EFD5}.Debug|iPhoneSimulator.Deploy.0 = Debug|Any CPU
		{8568560D-3F49-4F73-A3D8-30D80117EFD5}.Release|Any CPU.ActiveCfg = Release|Any CPU
		{8568560D-3F49-4F73-A3D8-30D80117EFD5}.Release|Any CPU.Build.0 = Release|Any CPU
		{8568560D-3F49-4F73-A3D8-30D80117EFD5}.Release|Any CPU.Deploy.0 = Release|Any CPU
		{8568560D-3F49-4F73-A3D8-30D80117EFD5}.Release|iPhone.ActiveCfg = Release|Any CPU
		{8568560D-3F49-4F73-A3D8-30D80117EFD5}.Release|iPhone.Build.0 = Release|Any CPU
		{8568560D-3F49-4F73-A3D8-30D80117EFD5}.Release|iPhone.Deploy.0 = Release|Any CPU
		{8568560D-3F49-4F73-A3D8-30D80117EFD5}.Release|iPhoneSimulator.ActiveCfg = Release|Any CPU
		{8568560D-3F49-4F73-A3D8-30D80117EFD5}.Release|iPhoneSimulator.Build.0 = Release|Any CPU
		{8568560D-3F49-4F73-A3D8-30D80117EFD5}.Release|iPhoneSimulator.Deploy.0 = Release|Any CPU
		{3E1CEE32-D812-4779-90C8-089F3985AB55}.Ad-Hoc|Any CPU.ActiveCfg = Ad-Hoc|iPhone
		{3E1CEE32-D812-4779-90C8-089F3985AB55}.Ad-Hoc|Any CPU.Build.0 = Ad-Hoc|iPhone
		{3E1CEE32-D812-4779-90C8-089F3985AB55}.Ad-Hoc|Any CPU.Deploy.0 = Ad-Hoc|iPhone
		{3E1CEE32-D812-4779-90C8-089F3985AB55}.Ad-Hoc|iPhone.ActiveCfg = Ad-Hoc|iPhone
		{3E1CEE32-D812-4779-90C8-089F3985AB55}.Ad-Hoc|iPhone.Build.0 = Ad-Hoc|iPhone
		{3E1CEE32-D812-4779-90C8-089F3985AB55}.Ad-Hoc|iPhone.Deploy.0 = Ad-Hoc|iPhone
		{3E1CEE32-D812-4779-90C8-089F3985AB55}.Ad-Hoc|iPhoneSimulator.ActiveCfg = Ad-Hoc|iPhoneSimulator
		{3E1CEE32-D812-4779-90C8-089F3985AB55}.Ad-Hoc|iPhoneSimulator.Build.0 = Ad-Hoc|iPhoneSimulator
		{3E1CEE32-D812-4779-90C8-089F3985AB55}.Ad-Hoc|iPhoneSimulator.Deploy.0 = Ad-Hoc|iPhoneSimulator
		{3E1CEE32-D812-4779-90C8-089F3985AB55}.AppStore|Any CPU.ActiveCfg = AppStore|iPhone
		{3E1CEE32-D812-4779-90C8-089F3985AB55}.AppStore|Any CPU.Build.0 = AppStore|iPhone
		{3E1CEE32-D812-4779-90C8-089F3985AB55}.AppStore|Any CPU.Deploy.0 = AppStore|iPhone
		{3E1CEE32-D812-4779-90C8-089F3985AB55}.AppStore|iPhone.ActiveCfg = AppStore|iPhone
		{3E1CEE32-D812-4779-90C8-089F3985AB55}.AppStore|iPhone.Build.0 = AppStore|iPhone
		{3E1CEE32-D812-4779-90C8-089F3985AB55}.AppStore|iPhone.Deploy.0 = AppStore|iPhone
		{3E1CEE32-D812-4779-90C8-089F3985AB55}.AppStore|iPhoneSimulator.ActiveCfg = AppStore|iPhoneSimulator
		{3E1CEE32-D812-4779-90C8-089F3985AB55}.AppStore|iPhoneSimulator.Build.0 = AppStore|iPhoneSimulator
		{3E1CEE32-D812-4779-90C8-089F3985AB55}.AppStore|iPhoneSimulator.Deploy.0 = AppStore|iPhoneSimulator
		{3E1CEE32-D812-4779-90C8-089F3985AB55}.Debug|Any CPU.ActiveCfg = Debug|iPhoneSimulator
		{3E1CEE32-D812-4779-90C8-089F3985AB55}.Debug|Any CPU.Build.0 = Debug|iPhoneSimulator
		{3E1CEE32-D812-4779-90C8-089F3985AB55}.Debug|Any CPU.Deploy.0 = Debug|iPhoneSimulator
		{3E1CEE32-D812-4779-90C8-089F3985AB55}.Debug|iPhone.ActiveCfg = Debug|iPhone
		{3E1CEE32-D812-4779-90C8-089F3985AB55}.Debug|iPhone.Build.0 = Debug|iPhone
		{3E1CEE32-D812-4779-90C8-089F3985AB55}.Debug|iPhone.Deploy.0 = Debug|iPhone
		{3E1CEE32-D812-4779-90C8-089F3985AB55}.Debug|iPhoneSimulator.ActiveCfg = Debug|iPhoneSimulator
		{3E1CEE32-D812-4779-90C8-089F3985AB55}.Debug|iPhoneSimulator.Build.0 = Debug|iPhoneSimulator
		{3E1CEE32-D812-4779-90C8-089F3985AB55}.Debug|iPhoneSimulator.Deploy.0 = Debug|iPhoneSimulator
		{3E1CEE32-D812-4779-90C8-089F3985AB55}.Release|Any CPU.ActiveCfg = Release|iPhone
		{3E1CEE32-D812-4779-90C8-089F3985AB55}.Release|Any CPU.Build.0 = Release|iPhone
		{3E1CEE32-D812-4779-90C8-089F3985AB55}.Release|Any CPU.Deploy.0 = Release|iPhone
		{3E1CEE32-D812-4779-90C8-089F3985AB55}.Release|iPhone.ActiveCfg = Release|iPhone
		{3E1CEE32-D812-4779-90C8-089F3985AB55}.Release|iPhone.Build.0 = Release|iPhone
		{3E1CEE32-D812-4779-90C8-089F3985AB55}.Release|iPhone.Deploy.0 = Release|iPhone
		{3E1CEE32-D812-4779-90C8-089F3985AB55}.Release|iPhoneSimulator.ActiveCfg = Release|iPhoneSimulator
		{3E1CEE32-D812-4779-90C8-089F3985AB55}.Release|iPhoneSimulator.Build.0 = Release|iPhoneSimulator
		{3E1CEE32-D812-4779-90C8-089F3985AB55}.Release|iPhoneSimulator.Deploy.0 = Release|iPhoneSimulator
		{C37BC74D-81AF-4EC4-ADBB-2CAB6C7DB709}.Ad-Hoc|Any CPU.ActiveCfg = Debug|Any CPU
		{C37BC74D-81AF-4EC4-ADBB-2CAB6C7DB709}.Ad-Hoc|Any CPU.Build.0 = Debug|Any CPU
		{C37BC74D-81AF-4EC4-ADBB-2CAB6C7DB709}.Ad-Hoc|Any CPU.Deploy.0 = Debug|Any CPU
		{C37BC74D-81AF-4EC4-ADBB-2CAB6C7DB709}.Ad-Hoc|iPhone.ActiveCfg = Debug|Any CPU
		{C37BC74D-81AF-4EC4-ADBB-2CAB6C7DB709}.Ad-Hoc|iPhone.Build.0 = Debug|Any CPU
		{C37BC74D-81AF-4EC4-ADBB-2CAB6C7DB709}.Ad-Hoc|iPhone.Deploy.0 = Debug|Any CPU
		{C37BC74D-81AF-4EC4-ADBB-2CAB6C7DB709}.Ad-Hoc|iPhoneSimulator.ActiveCfg = Debug|Any CPU
		{C37BC74D-81AF-4EC4-ADBB-2CAB6C7DB709}.Ad-Hoc|iPhoneSimulator.Build.0 = Debug|Any CPU
		{C37BC74D-81AF-4EC4-ADBB-2CAB6C7DB709}.Ad-Hoc|iPhoneSimulator.Deploy.0 = Debug|Any CPU
		{C37BC74D-81AF-4EC4-ADBB-2CAB6C7DB709}.AppStore|Any CPU.ActiveCfg = Debug|Any CPU
		{C37BC74D-81AF-4EC4-ADBB-2CAB6C7DB709}.AppStore|Any CPU.Build.0 = Debug|Any CPU
		{C37BC74D-81AF-4EC4-ADBB-2CAB6C7DB709}.AppStore|Any CPU.Deploy.0 = Debug|Any CPU
		{C37BC74D-81AF-4EC4-ADBB-2CAB6C7DB709}.AppStore|iPhone.ActiveCfg = Debug|Any CPU
		{C37BC74D-81AF-4EC4-ADBB-2CAB6C7DB709}.AppStore|iPhone.Build.0 = Debug|Any CPU
		{C37BC74D-81AF-4EC4-ADBB-2CAB6C7DB709}.AppStore|iPhone.Deploy.0 = Debug|Any CPU
		{C37BC74D-81AF-4EC4-ADBB-2CAB6C7DB709}.AppStore|iPhoneSimulator.ActiveCfg = Debug|Any CPU
		{C37BC74D-81AF-4EC4-ADBB-2CAB6C7DB709}.AppStore|iPhoneSimulator.Build.0 = Debug|Any CPU
		{C37BC74D-81AF-4EC4-ADBB-2CAB6C7DB709}.AppStore|iPhoneSimulator.Deploy.0 = Debug|Any CPU
		{C37BC74D-81AF-4EC4-ADBB-2CAB6C7DB709}.Debug|Any CPU.ActiveCfg = Debug|Any CPU
		{C37BC74D-81AF-4EC4-ADBB-2CAB6C7DB709}.Debug|Any CPU.Build.0 = Debug|Any CPU
		{C37BC74D-81AF-4EC4-ADBB-2CAB6C7DB709}.Debug|Any CPU.Deploy.0 = Debug|Any CPU
		{C37BC74D-81AF-4EC4-ADBB-2CAB6C7DB709}.Debug|iPhone.ActiveCfg = Debug|Any CPU
		{C37BC74D-81AF-4EC4-ADBB-2CAB6C7DB709}.Debug|iPhone.Build.0 = Debug|Any CPU
		{C37BC74D-81AF-4EC4-ADBB-2CAB6C7DB709}.Debug|iPhone.Deploy.0 = Debug|Any CPU
		{C37BC74D-81AF-4EC4-ADBB-2CAB6C7DB709}.Debug|iPhoneSimulator.ActiveCfg = Debug|Any CPU
		{C37BC74D-81AF-4EC4-ADBB-2CAB6C7DB709}.Debug|iPhoneSimulator.Build.0 = Debug|Any CPU
		{C37BC74D-81AF-4EC4-ADBB-2CAB6C7DB709}.Debug|iPhoneSimulator.Deploy.0 = Debug|Any CPU
		{C37BC74D-81AF-4EC4-ADBB-2CAB6C7DB709}.Release|Any CPU.ActiveCfg = Release|Any CPU
		{C37BC74D-81AF-4EC4-ADBB-2CAB6C7DB709}.Release|Any CPU.Build.0 = Release|Any CPU
		{C37BC74D-81AF-4EC4-ADBB-2CAB6C7DB709}.Release|Any CPU.Deploy.0 = Release|Any CPU
		{C37BC74D-81AF-4EC4-ADBB-2CAB6C7DB709}.Release|iPhone.ActiveCfg = Release|Any CPU
		{C37BC74D-81AF-4EC4-ADBB-2CAB6C7DB709}.Release|iPhone.Build.0 = Release|Any CPU
		{C37BC74D-81AF-4EC4-ADBB-2CAB6C7DB709}.Release|iPhone.Deploy.0 = Release|Any CPU
		{C37BC74D-81AF-4EC4-ADBB-2CAB6C7DB709}.Release|iPhoneSimulator.ActiveCfg = Release|Any CPU
		{C37BC74D-81AF-4EC4-ADBB-2CAB6C7DB709}.Release|iPhoneSimulator.Build.0 = Release|Any CPU
		{C37BC74D-81AF-4EC4-ADBB-2CAB6C7DB709}.Release|iPhoneSimulator.Deploy.0 = Release|Any CPU
	EndGlobalSection
	GlobalSection(SolutionProperties) = preSolution
		HideSolutionNode = FALSE
	EndGlobalSection
	GlobalSection(ExtensibilityGlobals) = postSolution
		SolutionGuid = {3824A0B4-762F-4451-8867-5569465FEDA1}
	EndGlobalSection
EndGlobal
